
Microsoft Visual Studio Solution File, Format Version 12.00
# Visual Studio Version 17
VisualStudioVersion = 17.0.31903.59
MinimumVisualStudioVersion = 10.0.40219.1
Project("{9A19103F-16F7-4668-BE54-9A1E7A4F7556}") = "DotNetXtensions.Json", "DotNetXtensions.Json\DotNetXtensions.Json.csproj", "{D4E52102-2786-4530-81A5-EF89684EF9C0}"
EndProject
Project("{9A19103F-16F7-4668-BE54-9A1E7A4F7556}") = "DotNetXtensions.Cryptography", "DotNetXtensions.Cryptography\DotNetXtensions.Cryptography.csproj", "{E221F29E-0E03-4418-9AB7-5BC117243A49}"
EndProject
Project("{9A19103F-16F7-4668-BE54-9A1E7A4F7556}") = "DotNetXtensions.Net", "DotNetXtensions.Net\DotNetXtensions.Net.csproj", "{2C348824-1DEF-4B0E-AB0A-8613D66B388A}"
EndProject
Project("{9A19103F-16F7-4668-BE54-9A1E7A4F7556}") = "DotNetXtensions", "DotNetXtensions\DotNetXtensions.csproj", "{CC556FD3-4F29-4E95-A1D6-6636C0A2049B}"
EndProject
Project("{2150E333-8FDC-42A3-9474-1A3956D46DE8}") = "Test", "Test", "{FA2C2B52-7D9F-409E-9129-61C0F1120350}"
	ProjectSection(SolutionItems) = preProject
		.editorconfig = .editorconfig
	EndProjectSection
EndProject
Project("{9A19103F-16F7-4668-BE54-9A1E7A4F7556}") = "DotNetXtensions.Test", "Test\DotNetXtensions.Test\DotNetXtensions.Test.csproj", "{778D807F-8196-421C-BBF9-3633F16ED844}"
EndProject
Project("{9A19103F-16F7-4668-BE54-9A1E7A4F7556}") = "DotNetXtensions.Test.ConsoleApp", "Test\DotNetXtensions.Test.ConsoleApp\DotNetXtensions.Test.ConsoleApp.csproj", "{EEF29121-AA67-4D49-90DE-AB5CDAE28AD0}"
EndProject
Project("{9A19103F-16F7-4668-BE54-9A1E7A4F7556}") = "DotNetXtensions.MimeTypes", "DotNetXtensions.MimeTypes\DotNetXtensions.MimeTypes.csproj", "{84A71092-2CE0-4C77-9AC9-DBFDDE1B8E09}"
EndProject
Project("{9A19103F-16F7-4668-BE54-9A1E7A4F7556}") = "DotNetXtensions.Globalization", "DotNetXtensions.Globalization\DotNetXtensions.Globalization.csproj", "{705932B3-E6CD-410C-949F-88F96B1597B3}"
EndProject
Project("{9A19103F-16F7-4668-BE54-9A1E7A4F7556}") = "DotNetXtensions.Common", "DotNetXtensions.Common\DotNetXtensions.Common.csproj", "{F6133483-1F38-4A24-AC57-4C5CB665E96F}"
EndProject
Project("{9A19103F-16F7-4668-BE54-9A1E7A4F7556}") = "DotNetXtensions.Text", "DotNetXtensions.Text\DotNetXtensions.Text.csproj", "{BCE05AD6-00FC-485B-B2AF-430367C2888E}"
EndProject
Project("{9A19103F-16F7-4668-BE54-9A1E7A4F7556}") = "DNX.Globalization.Test", "Test\DNX.Globalization.Test\DNX.Globalization.Test.csproj", "{B94C9C14-67AB-4179-A4EE-2A13C17400D2}"
EndProject
Project("{2150E333-8FDC-42A3-9474-1A3956D46DE8}") = "All", "All", "{428E99A7-2FAF-4E06-94CA-3AEC1937D0C0}"
	ProjectSection(SolutionItems) = preProject
		.editorconfig = .editorconfig
	EndProjectSection
EndProject
Project("{9A19103F-16F7-4668-BE54-9A1E7A4F7556}") = "DotNetXtensions.DCache", "DotNetXtensions.DCache\DotNetXtensions.DCache.csproj", "{0E691C44-2C11-4AB4-9CA8-E4EB66437748}"
EndProject
Project("{9A19103F-16F7-4668-BE54-9A1E7A4F7556}") = "DotNetXtensions.XUnit", "DotNetXtensions.XUnit\DotNetXtensions.XUnit.csproj", "{30F9B508-3C93-45D4-B8E0-FA4D286CA27F}"
EndProject
Global
	GlobalSection(SolutionConfigurationPlatforms) = preSolution
		Debug|Any CPU = Debug|Any CPU
		Release|Any CPU = Release|Any CPU
	EndGlobalSection
	GlobalSection(ProjectConfigurationPlatforms) = postSolution
		{D4E52102-2786-4530-81A5-EF89684EF9C0}.Debug|Any CPU.ActiveCfg = Debug|Any CPU
		{D4E52102-2786-4530-81A5-EF89684EF9C0}.Debug|Any CPU.Build.0 = Debug|Any CPU
		{D4E52102-2786-4530-81A5-EF89684EF9C0}.Release|Any CPU.ActiveCfg = Release|Any CPU
		{D4E52102-2786-4530-81A5-EF89684EF9C0}.Release|Any CPU.Build.0 = Release|Any CPU
		{E221F29E-0E03-4418-9AB7-5BC117243A49}.Debug|Any CPU.ActiveCfg = Debug|Any CPU
		{E221F29E-0E03-4418-9AB7-5BC117243A49}.Debug|Any CPU.Build.0 = Debug|Any CPU
		{E221F29E-0E03-4418-9AB7-5BC117243A49}.Release|Any CPU.ActiveCfg = Release|Any CPU
		{E221F29E-0E03-4418-9AB7-5BC117243A49}.Release|Any CPU.Build.0 = Release|Any CPU
		{2C348824-1DEF-4B0E-AB0A-8613D66B388A}.Debug|Any CPU.ActiveCfg = Debug|Any CPU
		{2C348824-1DEF-4B0E-AB0A-8613D66B388A}.Debug|Any CPU.Build.0 = Debug|Any CPU
		{2C348824-1DEF-4B0E-AB0A-8613D66B388A}.Release|Any CPU.ActiveCfg = Release|Any CPU
		{2C348824-1DEF-4B0E-AB0A-8613D66B388A}.Release|Any CPU.Build.0 = Release|Any CPU
		{CC556FD3-4F29-4E95-A1D6-6636C0A2049B}.Debug|Any CPU.ActiveCfg = Debug|Any CPU
		{CC556FD3-4F29-4E95-A1D6-6636C0A2049B}.Debug|Any CPU.Build.0 = Debug|Any CPU
		{CC556FD3-4F29-4E95-A1D6-6636C0A2049B}.Release|Any CPU.ActiveCfg = Release|Any CPU
		{CC556FD3-4F29-4E95-A1D6-6636C0A2049B}.Release|Any CPU.Build.0 = Release|Any CPU
		{778D807F-8196-421C-BBF9-3633F16ED844}.Debug|Any CPU.ActiveCfg = Debug|Any CPU
		{778D807F-8196-421C-BBF9-3633F16ED844}.Debug|Any CPU.Build.0 = Debug|Any CPU
		{778D807F-8196-421C-BBF9-3633F16ED844}.Release|Any CPU.ActiveCfg = Release|Any CPU
		{778D807F-8196-421C-BBF9-3633F16ED844}.Release|Any CPU.Build.0 = Release|Any CPU
		{EEF29121-AA67-4D49-90DE-AB5CDAE28AD0}.Debug|Any CPU.ActiveCfg = Debug|Any CPU
		{EEF29121-AA67-4D49-90DE-AB5CDAE28AD0}.Debug|Any CPU.Build.0 = Debug|Any CPU
		{EEF29121-AA67-4D49-90DE-AB5CDAE28AD0}.Release|Any CPU.ActiveCfg = Release|Any CPU
		{EEF29121-AA67-4D49-90DE-AB5CDAE28AD0}.Release|Any CPU.Build.0 = Release|Any CPU
		{84A71092-2CE0-4C77-9AC9-DBFDDE1B8E09}.Debug|Any CPU.ActiveCfg = Debug|Any CPU
		{84A71092-2CE0-4C77-9AC9-DBFDDE1B8E09}.Debug|Any CPU.Build.0 = Debug|Any CPU
		{84A71092-2CE0-4C77-9AC9-DBFDDE1B8E09}.Release|Any CPU.ActiveCfg = Release|Any CPU
		{84A71092-2CE0-4C77-9AC9-DBFDDE1B8E09}.Release|Any CPU.Build.0 = Release|Any CPU
		{705932B3-E6CD-410C-949F-88F96B1597B3}.Debug|Any CPU.ActiveCfg = Debug|Any CPU
		{705932B3-E6CD-410C-949F-88F96B1597B3}.Debug|Any CPU.Build.0 = Debug|Any CPU
		{705932B3-E6CD-410C-949F-88F96B1597B3}.Release|Any CPU.ActiveCfg = Release|Any CPU
		{705932B3-E6CD-410C-949F-88F96B1597B3}.Release|Any CPU.Build.0 = Release|Any CPU
		{F6133483-1F38-4A24-AC57-4C5CB665E96F}.Debug|Any CPU.ActiveCfg = Debug|Any CPU
		{F6133483-1F38-4A24-AC57-4C5CB665E96F}.Debug|Any CPU.Build.0 = Debug|Any CPU
		{F6133483-1F38-4A24-AC57-4C5CB665E96F}.Release|Any CPU.ActiveCfg = Release|Any CPU
		{F6133483-1F38-4A24-AC57-4C5CB665E96F}.Release|Any CPU.Build.0 = Release|Any CPU
		{BCE05AD6-00FC-485B-B2AF-430367C2888E}.Debug|Any CPU.ActiveCfg = Debug|Any CPU
		{BCE05AD6-00FC-485B-B2AF-430367C2888E}.Debug|Any CPU.Build.0 = Debug|Any CPU
		{BCE05AD6-00FC-485B-B2AF-430367C2888E}.Release|Any CPU.ActiveCfg = Release|Any CPU
		{BCE05AD6-00FC-485B-B2AF-430367C2888E}.Release|Any CPU.Build.0 = Release|Any CPU
		{B94C9C14-67AB-4179-A4EE-2A13C17400D2}.Debug|Any CPU.ActiveCfg = Debug|Any CPU
		{B94C9C14-67AB-4179-A4EE-2A13C17400D2}.Debug|Any CPU.Build.0 = Debug|Any CPU
		{B94C9C14-67AB-4179-A4EE-2A13C17400D2}.Release|Any CPU.ActiveCfg = Release|Any CPU
		{B94C9C14-67AB-4179-A4EE-2A13C17400D2}.Release|Any CPU.Build.0 = Release|Any CPU
		{0E691C44-2C11-4AB4-9CA8-E4EB66437748}.Debug|Any CPU.ActiveCfg = Debug|Any CPU
		{0E691C44-2C11-4AB4-9CA8-E4EB66437748}.Debug|Any CPU.Build.0 = Debug|Any CPU
		{0E691C44-2C11-4AB4-9CA8-E4EB66437748}.Release|Any CPU.ActiveCfg = Release|Any CPU
		{0E691C44-2C11-4AB4-9CA8-E4EB66437748}.Release|Any CPU.Build.0 = Release|Any CPU
		{30F9B508-3C93-45D4-B8E0-FA4D286CA27F}.Debug|Any CPU.ActiveCfg = Debug|Any CPU
		{30F9B508-3C93-45D4-B8E0-FA4D286CA27F}.Debug|Any CPU.Build.0 = Debug|Any CPU
		{30F9B508-3C93-45D4-B8E0-FA4D286CA27F}.Release|Any CPU.ActiveCfg = Release|Any CPU
		{30F9B508-3C93-45D4-B8E0-FA4D286CA27F}.Release|Any CPU.Build.0 = Release|Any CPU
	EndGlobalSection
	GlobalSection(SolutionProperties) = preSolution
		HideSolutionNode = FALSE
	EndGlobalSection
	GlobalSection(NestedProjects) = preSolution
		{778D807F-8196-421C-BBF9-3633F16ED844} = {FA2C2B52-7D9F-409E-9129-61C0F1120350}
		{EEF29121-AA67-4D49-90DE-AB5CDAE28AD0} = {FA2C2B52-7D9F-409E-9129-61C0F1120350}
		{B94C9C14-67AB-4179-A4EE-2A13C17400D2} = {FA2C2B52-7D9F-409E-9129-61C0F1120350}
	EndGlobalSection
	GlobalSection(ExtensibilityGlobals) = postSolution
		SolutionGuid = {A00E0ACF-0FF4-4AC1-8492-C1530D109A28}
	EndGlobalSection
EndGlobal
